
Microsoft Visual Studio Solution File, Format Version 12.00
# Visual Studio 2012
Project("{FAE04EC0-301F-11D3-BF4B-00C04F79EFBC}") = "RaspberryGPIOManager", "RaspberryGPIOManager\RaspberryGPIOManager.csproj", "{FF912F33-6853-4EA4-AFC1-EDAFACF73AE7}"
EndProject
Global
	GlobalSection(SolutionConfigurationPlatforms) = preSolution
		Debug|Any CPU = Debug|Any CPU
		Release|Any CPU = Release|Any CPU
	EndGlobalSection
	GlobalSection(ProjectConfigurationPlatforms) = postSolution
		{FF912F33-6853-4EA4-AFC1-EDAFACF73AE7}.Debug|Any CPU.ActiveCfg = Debug|Any CPU
		{FF912F33-6853-4EA4-AFC1-EDAFACF73AE7}.Debug|Any CPU.Build.0 = Debug|Any CPU
		{FF912F33-6853-4EA4-AFC1-EDAFACF73AE7}.Release|Any CPU.ActiveCfg = Release|Any CPU
		{FF912F33-6853-4EA4-AFC1-EDAFACF73AE7}.Release|Any CPU.Build.0 = Release|Any CPU
	EndGlobalSection
	GlobalSection(SolutionProperties) = preSolution
		HideSolutionNode = FALSE
	EndGlobalSection
EndGlobal
